
Microsoft Visual Studio Solution File, Format Version 12.00
# Visual Studio Version 16
VisualStudioVersion = 16.0.30717.126
MinimumVisualStudioVersion = 10.0.40219.1
Project("{FAE04EC0-301F-11D3-BF4B-00C04F79EFBC}") = "01. USD to BGN", "01. USD to BGN\01. USD to BGN.csproj", "{52578D04-D1F5-4A82-8A5E-8945BCF2C27D}"
EndProject
Project("{FAE04EC0-301F-11D3-BF4B-00C04F79EFBC}") = "02. Radians to Degrees", "02. Radians to Degrees\02. Radians to Degrees.csproj", "{70FD69AC-EDC1-4911-BC44-ADC8548E2C2A}"
EndProject
Project("{FAE04EC0-301F-11D3-BF4B-00C04F79EFBC}") = "03. Deposit Calculator", "03. Deposit Calculator\03. Deposit Calculator.csproj", "{6F5B44F8-989A-4104-AD64-2904CD44197B}"
EndProject
Project("{FAE04EC0-301F-11D3-BF4B-00C04F79EFBC}") = "04. Vacation books list", "04. Vacation books list\04. Vacation books list.csproj", "{30635263-1329-4137-A8A7-2A86A02009C8}"
EndProject
Project("{FAE04EC0-301F-11D3-BF4B-00C04F79EFBC}") = "05. Birthday party", "05. Birthday party\05. Birthday party.csproj", "{87769E31-7C25-4DBE-B77A-DE72992654E2}"
EndProject
Project("{FAE04EC0-301F-11D3-BF4B-00C04F79EFBC}") = "06. Charity Campaign", "06. Charity Campaign\06. Charity Campaign.csproj", "{A0885A96-BE2A-4945-86EF-9D1E7314D947}"
EndProject
Project("{FAE04EC0-301F-11D3-BF4B-00C04F79EFBC}") = "07. Fruit Market", "07. Fruit Market\07. Fruit Market.csproj", "{DD97F93E-8A43-4AFA-A5F9-CEBF9E672051}"
EndProject
Project("{FAE04EC0-301F-11D3-BF4B-00C04F79EFBC}") = "08. Fish Tank", "08. Fish Tank\08. Fish Tank.csproj", "{BBB5754B-8634-4B32-8600-087F2163C642}"
EndProject
Global
	GlobalSection(SolutionConfigurationPlatforms) = preSolution
		Debug|Any CPU = Debug|Any CPU
		Release|Any CPU = Release|Any CPU
	EndGlobalSection
	GlobalSection(ProjectConfigurationPlatforms) = postSolution
		{52578D04-D1F5-4A82-8A5E-8945BCF2C27D}.Debug|Any CPU.ActiveCfg = Debug|Any CPU
		{52578D04-D1F5-4A82-8A5E-8945BCF2C27D}.Debug|Any CPU.Build.0 = Debug|Any CPU
		{52578D04-D1F5-4A82-8A5E-8945BCF2C27D}.Release|Any CPU.ActiveCfg = Release|Any CPU
		{52578D04-D1F5-4A82-8A5E-8945BCF2C27D}.Release|Any CPU.Build.0 = Release|Any CPU
		{70FD69AC-EDC1-4911-BC44-ADC8548E2C2A}.Debug|Any CPU.ActiveCfg = Debug|Any CPU
		{70FD69AC-EDC1-4911-BC44-ADC8548E2C2A}.Debug|Any CPU.Build.0 = Debug|Any CPU
		{70FD69AC-EDC1-4911-BC44-ADC8548E2C2A}.Release|Any CPU.ActiveCfg = Release|Any CPU
		{70FD69AC-EDC1-4911-BC44-ADC8548E2C2A}.Release|Any CPU.Build.0 = Release|Any CPU
		{6F5B44F8-989A-4104-AD64-2904CD44197B}.Debug|Any CPU.ActiveCfg = Debug|Any CPU
		{6F5B44F8-989A-4104-AD64-2904CD44197B}.Debug|Any CPU.Build.0 = Debug|Any CPU
		{6F5B44F8-989A-4104-AD64-2904CD44197B}.Release|Any CPU.ActiveCfg = Release|Any CPU
		{6F5B44F8-989A-4104-AD64-2904CD44197B}.Release|Any CPU.Build.0 = Release|Any CPU
		{30635263-1329-4137-A8A7-2A86A02009C8}.Debug|Any CPU.ActiveCfg = Debug|Any CPU
		{30635263-1329-4137-A8A7-2A86A02009C8}.Debug|Any CPU.Build.0 = Debug|Any CPU
		{30635263-1329-4137-A8A7-2A86A02009C8}.Release|Any CPU.ActiveCfg = Release|Any CPU
		{30635263-1329-4137-A8A7-2A86A02009C8}.Release|Any CPU.Build.0 = Release|Any CPU
		{87769E31-7C25-4DBE-B77A-DE72992654E2}.Debug|Any CPU.ActiveCfg = Debug|Any CPU
		{87769E31-7C25-4DBE-B77A-DE72992654E2}.Debug|Any CPU.Build.0 = Debug|Any CPU
		{87769E31-7C25-4DBE-B77A-DE72992654E2}.Release|Any CPU.ActiveCfg = Release|Any CPU
		{87769E31-7C25-4DBE-B77A-DE72992654E2}.Release|Any CPU.Build.0 = Release|Any CPU
		{A0885A96-BE2A-4945-86EF-9D1E7314D947}.Debug|Any CPU.ActiveCfg = Debug|Any CPU
		{A0885A96-BE2A-4945-86EF-9D1E7314D947}.Debug|Any CPU.Build.0 = Debug|Any CPU
		{A0885A96-BE2A-4945-86EF-9D1E7314D947}.Release|Any CPU.ActiveCfg = Release|Any CPU
		{A0885A96-BE2A-4945-86EF-9D1E7314D947}.Release|Any CPU.Build.0 = Release|Any CPU
		{DD97F93E-8A43-4AFA-A5F9-CEBF9E672051}.Debug|Any CPU.ActiveCfg = Debug|Any CPU
		{DD97F93E-8A43-4AFA-A5F9-CEBF9E672051}.Debug|Any CPU.Build.0 = Debug|Any CPU
		{DD97F93E-8A43-4AFA-A5F9-CEBF9E672051}.Release|Any CPU.ActiveCfg = Release|Any CPU
		{DD97F93E-8A43-4AFA-A5F9-CEBF9E672051}.Release|Any CPU.Build.0 = Release|Any CPU
		{BBB5754B-8634-4B32-8600-087F2163C642}.Debug|Any CPU.ActiveCfg = Debug|Any CPU
		{BBB5754B-8634-4B32-8600-087F2163C642}.Debug|Any CPU.Build.0 = Debug|Any CPU
		{BBB5754B-8634-4B32-8600-087F2163C642}.Release|Any CPU.ActiveCfg = Release|Any CPU
		{BBB5754B-8634-4B32-8600-087F2163C642}.Release|Any CPU.Build.0 = Release|Any CPU
	EndGlobalSection
	GlobalSection(SolutionProperties) = preSolution
		HideSolutionNode = FALSE
	EndGlobalSection
	GlobalSection(ExtensibilityGlobals) = postSolution
		SolutionGuid = {B9022F73-D65E-4DDE-ADCD-82768A3D9A2B}
	EndGlobalSection
EndGlobal
